
Microsoft Visual Studio Solution File, Format Version 12.00
# Visual Studio Version 16
VisualStudioVersion = 16.0.31729.503
MinimumVisualStudioVersion = 10.0.40219.1
Project("{FAE04EC0-301F-11D3-BF4B-00C04F79EFBC}") = "moment3", "moment3\moment3.csproj", "{AA337026-015D-450C-B2BD-AD7C976D876D}"
EndProject
Global
	GlobalSection(SolutionConfigurationPlatforms) = preSolution
		Debug|Any CPU = Debug|Any CPU
		Release|Any CPU = Release|Any CPU
	EndGlobalSection
	GlobalSection(ProjectConfigurationPlatforms) = postSolution
		{AA337026-015D-450C-B2BD-AD7C976D876D}.Debug|Any CPU.ActiveCfg = Debug|Any CPU
		{AA337026-015D-450C-B2BD-AD7C976D876D}.Debug|Any CPU.Build.0 = Debug|Any CPU
		{AA337026-015D-450C-B2BD-AD7C976D876D}.Release|Any CPU.ActiveCfg = Release|Any CPU
		{AA337026-015D-450C-B2BD-AD7C976D876D}.Release|Any CPU.Build.0 = Release|Any CPU
	EndGlobalSection
	GlobalSection(SolutionProperties) = preSolution
		HideSolutionNode = FALSE
	EndGlobalSection
	GlobalSection(ExtensibilityGlobals) = postSolution
		SolutionGuid = {5DFD489F-9105-40BC-9B87-399F306C6345}
	EndGlobalSection
EndGlobal
